
Microsoft Visual Studio Solution File, Format Version 12.00
# Visual Studio Version 16
VisualStudioVersion = 16.0.31729.503
MinimumVisualStudioVersion = 10.0.40219.1
Project("{FAE04EC0-301F-11D3-BF4B-00C04F79EFBC}") = "FindNumber", "FindNumber\FindNumber.csproj", "{7B020833-2E79-4BC1-954B-0750FB9E06F1}"
EndProject
Global
	GlobalSection(SolutionConfigurationPlatforms) = preSolution
		Debug|Any CPU = Debug|Any CPU
		Release|Any CPU = Release|Any CPU
	EndGlobalSection
	GlobalSection(ProjectConfigurationPlatforms) = postSolution
		{7B020833-2E79-4BC1-954B-0750FB9E06F1}.Debug|Any CPU.ActiveCfg = Debug|Any CPU
		{7B020833-2E79-4BC1-954B-0750FB9E06F1}.Debug|Any CPU.Build.0 = Debug|Any CPU
		{7B020833-2E79-4BC1-954B-0750FB9E06F1}.Release|Any CPU.ActiveCfg = Release|Any CPU
		{7B020833-2E79-4BC1-954B-0750FB9E06F1}.Release|Any CPU.Build.0 = Release|Any CPU
	EndGlobalSection
	GlobalSection(SolutionProperties) = preSolution
		HideSolutionNode = FALSE
	EndGlobalSection
	GlobalSection(ExtensibilityGlobals) = postSolution
		SolutionGuid = {09733BF7-D0E1-4DFF-AC75-FAE096A66D18}
	EndGlobalSection
EndGlobal
